
Microsoft Visual Studio Solution File, Format Version 12.00
# Visual Studio Version 16
VisualStudioVersion = 16.0.30523.141
MinimumVisualStudioVersion = 10.0.40219.1
Project("{FAE04EC0-301F-11D3-BF4B-00C04F79EFBC}") = "GuessTheMagicWord", "GuessTheMagicWord\GuessTheMagicWord.csproj", "{CAABCFF4-14D6-4B90-9314-76D60ED64ABB}"
EndProject
Global
	GlobalSection(SolutionConfigurationPlatforms) = preSolution
		Debug|Any CPU = Debug|Any CPU
		Release|Any CPU = Release|Any CPU
	EndGlobalSection
	GlobalSection(ProjectConfigurationPlatforms) = postSolution
		{CAABCFF4-14D6-4B90-9314-76D60ED64ABB}.Debug|Any CPU.ActiveCfg = Debug|Any CPU
		{CAABCFF4-14D6-4B90-9314-76D60ED64ABB}.Debug|Any CPU.Build.0 = Debug|Any CPU
		{CAABCFF4-14D6-4B90-9314-76D60ED64ABB}.Release|Any CPU.ActiveCfg = Release|Any CPU
		{CAABCFF4-14D6-4B90-9314-76D60ED64ABB}.Release|Any CPU.Build.0 = Release|Any CPU
	EndGlobalSection
	GlobalSection(SolutionProperties) = preSolution
		HideSolutionNode = FALSE
	EndGlobalSection
	GlobalSection(ExtensibilityGlobals) = postSolution
		SolutionGuid = {871D1737-A33A-4DD9-8E2F-37D87DADB098}
	EndGlobalSection
EndGlobal
